# This file is automatically @generated by Cargo.
# It is not intended for manual editing.
version = 4

[[package]]
name = "parity-wasm"
version = "0.45.0"
source = "registry+https://github.com/rust-lang/crates.io-index"
checksum = "e1ad0aff30c1da14b1254fcb2af73e1fa9a28670e584a626f53a369d0e157304"

[[package]]
name = "quickjs-gas-instrument"
version = "0.1.0"
dependencies = [
 "parity-wasm",
 "wasm-instrument",
]

[[package]]
name = "wasm-instrument"
version = "0.4.0"
source = "registry+https://github.com/rust-lang/crates.io-index"
checksum = "2a47ecb37b9734d1085eaa5ae1a81e60801fd8c28d4cabdd8aedb982021918bc"
dependencies = [
 "parity-wasm",
]
